
Microsoft Visual Studio Solution File, Format Version 12.00
# Visual Studio Version 16
VisualStudioVersion = 16.0.33927.289
MinimumVisualStudioVersion = 10.0.40219.1
Project("{2150E333-8FDC-42A3-9474-1A3956D46DE8}") = "Task0", "Task0", "{0825E3B8-F2EA-4BBF-B5F1-5B5FBDF4C37D}"
EndProject
Project("{FAE04EC0-301F-11D3-BF4B-00C04F79EFBC}") = "Tyuiu.MargaryanSG.Sprint3.Task0.V28.Lib", "Tyuiu.MargaryanSG.Sprint1.Task0.V28.Lib\Tyuiu.MargaryanSG.Sprint3.Task0.V28.Lib.csproj", "{F343B4B3-DE1F-4627-9B8D-511ECE901BD4}"
EndProject
Project("{FAE04EC0-301F-11D3-BF4B-00C04F79EFBC}") = "Tyuiu.MargaryanSG.Sprint3.Task0.V28.Test", "Tyuiu.MargaryanSG.Sprint1.Task0.V28.Test\Tyuiu.MargaryanSG.Sprint3.Task0.V28.Test.csproj", "{C6763778-6B2F-4F52-9159-071EACB8CC43}"
EndProject
Project("{FAE04EC0-301F-11D3-BF4B-00C04F79EFBC}") = "Tyuiu.MargaryanSG.Sprint3.Task0.V28", "Tyuiu.MargaryanSG.Sprint3.Task0.V28\Tyuiu.MargaryanSG.Sprint3.Task0.V28.csproj", "{18149F5E-C97B-4FBE-A310-DEC95276CE70}"
EndProject
Project("{2150E333-8FDC-42A3-9474-1A3956D46DE8}") = "Task1", "Task1", "{DD3277AD-2435-4474-98B1-1C88BCAC08F6}"
EndProject
Project("{FAE04EC0-301F-11D3-BF4B-00C04F79EFBC}") = "Tyuiu.MargaryanSG.Sprint3.Task1.V24.Lib", "4Tyuiu.MargaryanSG.Sprint3.Task1.V24.Lib\Tyuiu.MargaryanSG.Sprint3.Task1.V24.Lib.csproj", "{C5EB27A7-9A84-4C7F-997F-2C45035127FE}"
EndProject
Project("{FAE04EC0-301F-11D3-BF4B-00C04F79EFBC}") = "Tyuiu.MargaryanSG.Sprint3.Task1.V24", "Tyuiu.MargaryanSG.Sprint3.Task1.V24\Tyuiu.MargaryanSG.Sprint3.Task1.V24.csproj", "{F8138926-2777-416F-BCC5-E0FE23DEF64B}"
EndProject
Project("{FAE04EC0-301F-11D3-BF4B-00C04F79EFBC}") = "Tyuiu.MargaryanSG.Sprint3.Task1.V24.Test", "Tyuiu.MargaryanSG.Sprint3.Task1.V24.Test\Tyuiu.MargaryanSG.Sprint3.Task1.V24.Test.csproj", "{C66768EA-AEC8-484E-8555-32D5457C0FBE}"
EndProject
Project("{2150E333-8FDC-42A3-9474-1A3956D46DE8}") = "Task2", "Task2", "{E8FCBB42-31A0-4460-B909-E28C19CE30D6}"
EndProject
Project("{FAE04EC0-301F-11D3-BF4B-00C04F79EFBC}") = "Tyuiu.MargaryanSG.Sprint3.Task2.V24.Test", "Tyuiu.MargaryanSG.Sprint3.Task2.V24.Test\Tyuiu.MargaryanSG.Sprint3.Task2.V24.Test.csproj", "{E332C197-3470-4318-BD14-54DDECFAD0A1}"
EndProject
Project("{FAE04EC0-301F-11D3-BF4B-00C04F79EFBC}") = "Tyuiu.MargaryanSG.Sprint3.Task2.V24", "Tyuiu.MargaryanSG.Sprint3.Task2.V24\Tyuiu.MargaryanSG.Sprint3.Task2.V24.csproj", "{14510E61-0B6C-48D0-B3B3-E7EFDA63359F}"
EndProject
Project("{FAE04EC0-301F-11D3-BF4B-00C04F79EFBC}") = "Tyuiu.MargaryanSG.Sprint3.Task2.V24.Lib", "Tyuiu.MargaryanSG.Sprint3.Task2.V24.Li\Tyuiu.MargaryanSG.Sprint3.Task2.V24.Lib.csproj", "{5B3AB028-303E-4AB6-8442-6C9745B46EB1}"
EndProject
Project("{2150E333-8FDC-42A3-9474-1A3956D46DE8}") = "Task3", "Task3", "{8BFE1F2F-55DA-4764-8DB4-0D46C39DB831}"
EndProject
Project("{FAE04EC0-301F-11D3-BF4B-00C04F79EFBC}") = "Tyuiu.MargaryanSG.Sprint3.Task3.V14.Test", "Tyuiu.MargaryanSG.Sprint3.Task3.V14.Test\Tyuiu.MargaryanSG.Sprint3.Task3.V14.Test.csproj", "{69A1D09F-6FBB-4885-8FC7-B365BF34EC90}"
EndProject
Project("{FAE04EC0-301F-11D3-BF4B-00C04F79EFBC}") = "Tyuiu.MargaryanSG.Sprint3.Task3.V14.Lib", "Tyuiu.MargaryanSG.Sprint3.Task3.V14.Lib\Tyuiu.MargaryanSG.Sprint3.Task3.V14.Lib.csproj", "{3533F9C1-FC78-48EA-A4E8-FEE2C10DF8F5}"
EndProject
Project("{FAE04EC0-301F-11D3-BF4B-00C04F79EFBC}") = "Tyuiu.MargaryanSG.Sprint3.Task3.V14", "Tyuiu.MargaryanSG.Sprint3.Task3.V14\Tyuiu.MargaryanSG.Sprint3.Task3.V14.csproj", "{02486116-FE89-4CF2-925E-D31757379E89}"
EndProject
Project("{2150E333-8FDC-42A3-9474-1A3956D46DE8}") = "Task4", "Task4", "{50775026-E120-4B8D-8FA4-FC8C51DBEACA}"
EndProject
Project("{FAE04EC0-301F-11D3-BF4B-00C04F79EFBC}") = "Tyuiu.MargaryanSG.Sprint3.Task4.V2", "Tyuiu.MargaryanSG.Sprint3.Task4.V2\Tyuiu.MargaryanSG.Sprint3.Task4.V2.csproj", "{0CC2056F-A8FE-4BA1-A03F-0ACF1964D7D6}"
EndProject
Project("{FAE04EC0-301F-11D3-BF4B-00C04F79EFBC}") = "Tyuiu.MargaryanSG.Sprint3.Task4.V2.Lib", "Tyuiu.MargaryanSG.Sprint3.Task4.V2.Lib\Tyuiu.MargaryanSG.Sprint3.Task4.V2.Lib.csproj", "{6099B192-55C3-4660-861D-57FAD6065077}"
EndProject
Project("{FAE04EC0-301F-11D3-BF4B-00C04F79EFBC}") = "Tyuiu.MargaryanSG.Sprint3.Task4.V2.Test", "Tyuiu.MargaryanSG.Sprint3.Task4.V2.Test\Tyuiu.MargaryanSG.Sprint3.Task4.V2.Test.csproj", "{B66423E2-2434-4BE4-AFE0-C86D2D3348E2}"
EndProject
Project("{2150E333-8FDC-42A3-9474-1A3956D46DE8}") = "Task5", "Task5", "{997951A9-E485-4CB9-97B3-B50E36C4E609}"
EndProject
Project("{FAE04EC0-301F-11D3-BF4B-00C04F79EFBC}") = "Tyuiu.MargaryanSG.Sprint3.Task5.V17.Lib", "Tyuiu.MargaryanSG.Sprint3.Task5.V17.Lib\Tyuiu.MargaryanSG.Sprint3.Task5.V17.Lib.csproj", "{42C036A4-BFF0-45CD-9E4B-3007A56E4725}"
EndProject
Project("{FAE04EC0-301F-11D3-BF4B-00C04F79EFBC}") = "Tyuiu.MargaryanSG.Sprint3.Task5.V17", "Tyuiu.MargaryanSG.Sprint3.Task5.V17\Tyuiu.MargaryanSG.Sprint3.Task5.V17.csproj", "{F335DB6A-DDDC-49BA-9D3A-98F0C97A5B1A}"
EndProject
Project("{FAE04EC0-301F-11D3-BF4B-00C04F79EFBC}") = "Tyuiu.MargaryanSG.Sprint3.Task5.V17.Test", "Tyuiu.MargaryanSG.Sprint3.Task5.V17.Test\Tyuiu.MargaryanSG.Sprint3.Task5.V17.Test.csproj", "{E60F473C-67DF-457F-978E-5794789D7D17}"
EndProject
Project("{FAE04EC0-301F-11D3-BF4B-00C04F79EFBC}") = "Tyuiu.MargaryanSG.Sprint3.Task6.V27", "Tyuiu.MargaryanSG.Sprint3.Task6.V27\Tyuiu.MargaryanSG.Sprint3.Task6.V27.csproj", "{8757FD7A-AB2B-4AAA-99B2-9A5772F04DBE}"
EndProject
Project("{2150E333-8FDC-42A3-9474-1A3956D46DE8}") = "Task6", "Task6", "{932AB62F-D207-42BD-AC4D-372937DF0314}"
EndProject
Project("{FAE04EC0-301F-11D3-BF4B-00C04F79EFBC}") = "Tyuiu.MargaryanSG.Sprint3.Task6.V27.Lib", "Tyuiu.MargaryanSG.Sprint3.Task6.V27.Lib\Tyuiu.MargaryanSG.Sprint3.Task6.V27.Lib.csproj", "{69063913-127C-4833-9DCC-FEC9E11E18BB}"
EndProject
Project("{FAE04EC0-301F-11D3-BF4B-00C04F79EFBC}") = "Tyuiu.MargaryanSG.Sprint3.Task6.V27.Test", "Tyuiu.MargaryanSG.Sprint3.Task6.V27.Test\Tyuiu.MargaryanSG.Sprint3.Task6.V27.Test.csproj", "{1E521B6E-D1D5-4162-BA4A-F5E16B2895A4}"
EndProject
Global
	GlobalSection(SolutionConfigurationPlatforms) = preSolution
		Debug|Any CPU = Debug|Any CPU
		Release|Any CPU = Release|Any CPU
	EndGlobalSection
	GlobalSection(ProjectConfigurationPlatforms) = postSolution
		{F343B4B3-DE1F-4627-9B8D-511ECE901BD4}.Debug|Any CPU.ActiveCfg = Debug|Any CPU
		{F343B4B3-DE1F-4627-9B8D-511ECE901BD4}.Debug|Any CPU.Build.0 = Debug|Any CPU
		{F343B4B3-DE1F-4627-9B8D-511ECE901BD4}.Release|Any CPU.ActiveCfg = Release|Any CPU
		{F343B4B3-DE1F-4627-9B8D-511ECE901BD4}.Release|Any CPU.Build.0 = Release|Any CPU
		{C6763778-6B2F-4F52-9159-071EACB8CC43}.Debug|Any CPU.ActiveCfg = Debug|Any CPU
		{C6763778-6B2F-4F52-9159-071EACB8CC43}.Debug|Any CPU.Build.0 = Debug|Any CPU
		{C6763778-6B2F-4F52-9159-071EACB8CC43}.Release|Any CPU.ActiveCfg = Release|Any CPU
		{C6763778-6B2F-4F52-9159-071EACB8CC43}.Release|Any CPU.Build.0 = Release|Any CPU
		{18149F5E-C97B-4FBE-A310-DEC95276CE70}.Debug|Any CPU.ActiveCfg = Debug|Any CPU
		{18149F5E-C97B-4FBE-A310-DEC95276CE70}.Debug|Any CPU.Build.0 = Debug|Any CPU
		{18149F5E-C97B-4FBE-A310-DEC95276CE70}.Release|Any CPU.ActiveCfg = Release|Any CPU
		{18149F5E-C97B-4FBE-A310-DEC95276CE70}.Release|Any CPU.Build.0 = Release|Any CPU
		{C5EB27A7-9A84-4C7F-997F-2C45035127FE}.Debug|Any CPU.ActiveCfg = Debug|Any CPU
		{C5EB27A7-9A84-4C7F-997F-2C45035127FE}.Debug|Any CPU.Build.0 = Debug|Any CPU
		{C5EB27A7-9A84-4C7F-997F-2C45035127FE}.Release|Any CPU.ActiveCfg = Release|Any CPU
		{C5EB27A7-9A84-4C7F-997F-2C45035127FE}.Release|Any CPU.Build.0 = Release|Any CPU
		{F8138926-2777-416F-BCC5-E0FE23DEF64B}.Debug|Any CPU.ActiveCfg = Debug|Any CPU
		{F8138926-2777-416F-BCC5-E0FE23DEF64B}.Debug|Any CPU.Build.0 = Debug|Any CPU
		{F8138926-2777-416F-BCC5-E0FE23DEF64B}.Release|Any CPU.ActiveCfg = Release|Any CPU
		{F8138926-2777-416F-BCC5-E0FE23DEF64B}.Release|Any CPU.Build.0 = Release|Any CPU
		{C66768EA-AEC8-484E-8555-32D5457C0FBE}.Debug|Any CPU.ActiveCfg = Debug|Any CPU
		{C66768EA-AEC8-484E-8555-32D5457C0FBE}.Debug|Any CPU.Build.0 = Debug|Any CPU
		{C66768EA-AEC8-484E-8555-32D5457C0FBE}.Release|Any CPU.ActiveCfg = Release|Any CPU
		{C66768EA-AEC8-484E-8555-32D5457C0FBE}.Release|Any CPU.Build.0 = Release|Any CPU
		{E332C197-3470-4318-BD14-54DDECFAD0A1}.Debug|Any CPU.ActiveCfg = Debug|Any CPU
		{E332C197-3470-4318-BD14-54DDECFAD0A1}.Debug|Any CPU.Build.0 = Debug|Any CPU
		{E332C197-3470-4318-BD14-54DDECFAD0A1}.Release|Any CPU.ActiveCfg = Release|Any CPU
		{E332C197-3470-4318-BD14-54DDECFAD0A1}.Release|Any CPU.Build.0 = Release|Any CPU
		{14510E61-0B6C-48D0-B3B3-E7EFDA63359F}.Debug|Any CPU.ActiveCfg = Debug|Any CPU
		{14510E61-0B6C-48D0-B3B3-E7EFDA63359F}.Debug|Any CPU.Build.0 = Debug|Any CPU
		{14510E61-0B6C-48D0-B3B3-E7EFDA63359F}.Release|Any CPU.ActiveCfg = Release|Any CPU
		{14510E61-0B6C-48D0-B3B3-E7EFDA63359F}.Release|Any CPU.Build.0 = Release|Any CPU
		{5B3AB028-303E-4AB6-8442-6C9745B46EB1}.Debug|Any CPU.ActiveCfg = Debug|Any CPU
		{5B3AB028-303E-4AB6-8442-6C9745B46EB1}.Debug|Any CPU.Build.0 = Debug|Any CPU
		{5B3AB028-303E-4AB6-8442-6C9745B46EB1}.Release|Any CPU.ActiveCfg = Release|Any CPU
		{5B3AB028-303E-4AB6-8442-6C9745B46EB1}.Release|Any CPU.Build.0 = Release|Any CPU
		{69A1D09F-6FBB-4885-8FC7-B365BF34EC90}.Debug|Any CPU.ActiveCfg = Debug|Any CPU
		{69A1D09F-6FBB-4885-8FC7-B365BF34EC90}.Debug|Any CPU.Build.0 = Debug|Any CPU
		{69A1D09F-6FBB-4885-8FC7-B365BF34EC90}.Release|Any CPU.ActiveCfg = Release|Any CPU
		{69A1D09F-6FBB-4885-8FC7-B365BF34EC90}.Release|Any CPU.Build.0 = Release|Any CPU
		{3533F9C1-FC78-48EA-A4E8-FEE2C10DF8F5}.Debug|Any CPU.ActiveCfg = Debug|Any CPU
		{3533F9C1-FC78-48EA-A4E8-FEE2C10DF8F5}.Debug|Any CPU.Build.0 = Debug|Any CPU
		{3533F9C1-FC78-48EA-A4E8-FEE2C10DF8F5}.Release|Any CPU.ActiveCfg = Release|Any CPU
		{3533F9C1-FC78-48EA-A4E8-FEE2C10DF8F5}.Release|Any CPU.Build.0 = Release|Any CPU
		{02486116-FE89-4CF2-925E-D31757379E89}.Debug|Any CPU.ActiveCfg = Debug|Any CPU
		{02486116-FE89-4CF2-925E-D31757379E89}.Debug|Any CPU.Build.0 = Debug|Any CPU
		{02486116-FE89-4CF2-925E-D31757379E89}.Release|Any CPU.ActiveCfg = Release|Any CPU
		{02486116-FE89-4CF2-925E-D31757379E89}.Release|Any CPU.Build.0 = Release|Any CPU
		{0CC2056F-A8FE-4BA1-A03F-0ACF1964D7D6}.Debug|Any CPU.ActiveCfg = Debug|Any CPU
		{0CC2056F-A8FE-4BA1-A03F-0ACF1964D7D6}.Debug|Any CPU.Build.0 = Debug|Any CPU
		{0CC2056F-A8FE-4BA1-A03F-0ACF1964D7D6}.Release|Any CPU.ActiveCfg = Release|Any CPU
		{0CC2056F-A8FE-4BA1-A03F-0ACF1964D7D6}.Release|Any CPU.Build.0 = Release|Any CPU
		{6099B192-55C3-4660-861D-57FAD6065077}.Debug|Any CPU.ActiveCfg = Debug|Any CPU
		{6099B192-55C3-4660-861D-57FAD6065077}.Debug|Any CPU.Build.0 = Debug|Any CPU
		{6099B192-55C3-4660-861D-57FAD6065077}.Release|Any CPU.ActiveCfg = Release|Any CPU
		{6099B192-55C3-4660-861D-57FAD6065077}.Release|Any CPU.Build.0 = Release|Any CPU
		{B66423E2-2434-4BE4-AFE0-C86D2D3348E2}.Debug|Any CPU.ActiveCfg = Debug|Any CPU
		{B66423E2-2434-4BE4-AFE0-C86D2D3348E2}.Debug|Any CPU.Build.0 = Debug|Any CPU
		{B66423E2-2434-4BE4-AFE0-C86D2D3348E2}.Release|Any CPU.ActiveCfg = Release|Any CPU
		{B66423E2-2434-4BE4-AFE0-C86D2D3348E2}.Release|Any CPU.Build.0 = Release|Any CPU
		{42C036A4-BFF0-45CD-9E4B-3007A56E4725}.Debug|Any CPU.ActiveCfg = Debug|Any CPU
		{42C036A4-BFF0-45CD-9E4B-3007A56E4725}.Debug|Any CPU.Build.0 = Debug|Any CPU
		{42C036A4-BFF0-45CD-9E4B-3007A56E4725}.Release|Any CPU.ActiveCfg = Release|Any CPU
		{42C036A4-BFF0-45CD-9E4B-3007A56E4725}.Release|Any CPU.Build.0 = Release|Any CPU
		{F335DB6A-DDDC-49BA-9D3A-98F0C97A5B1A}.Debug|Any CPU.ActiveCfg = Debug|Any CPU
		{F335DB6A-DDDC-49BA-9D3A-98F0C97A5B1A}.Debug|Any CPU.Build.0 = Debug|Any CPU
		{F335DB6A-DDDC-49BA-9D3A-98F0C97A5B1A}.Release|Any CPU.ActiveCfg = Release|Any CPU
		{F335DB6A-DDDC-49BA-9D3A-98F0C97A5B1A}.Release|Any CPU.Build.0 = Release|Any CPU
		{E60F473C-67DF-457F-978E-5794789D7D17}.Debug|Any CPU.ActiveCfg = Debug|Any CPU
		{E60F473C-67DF-457F-978E-5794789D7D17}.Debug|Any CPU.Build.0 = Debug|Any CPU
		{E60F473C-67DF-457F-978E-5794789D7D17}.Release|Any CPU.ActiveCfg = Release|Any CPU
		{E60F473C-67DF-457F-978E-5794789D7D17}.Release|Any CPU.Build.0 = Release|Any CPU
		{8757FD7A-AB2B-4AAA-99B2-9A5772F04DBE}.Debug|Any CPU.ActiveCfg = Debug|Any CPU
		{8757FD7A-AB2B-4AAA-99B2-9A5772F04DBE}.Debug|Any CPU.Build.0 = Debug|Any CPU
		{8757FD7A-AB2B-4AAA-99B2-9A5772F04DBE}.Release|Any CPU.ActiveCfg = Release|Any CPU
		{8757FD7A-AB2B-4AAA-99B2-9A5772F04DBE}.Release|Any CPU.Build.0 = Release|Any CPU
		{69063913-127C-4833-9DCC-FEC9E11E18BB}.Debug|Any CPU.ActiveCfg = Debug|Any CPU
		{69063913-127C-4833-9DCC-FEC9E11E18BB}.Debug|Any CPU.Build.0 = Debug|Any CPU
		{69063913-127C-4833-9DCC-FEC9E11E18BB}.Release|Any CPU.ActiveCfg = Release|Any CPU
		{69063913-127C-4833-9DCC-FEC9E11E18BB}.Release|Any CPU.Build.0 = Release|Any CPU
		{1E521B6E-D1D5-4162-BA4A-F5E16B2895A4}.Debug|Any CPU.ActiveCfg = Debug|Any CPU
		{1E521B6E-D1D5-4162-BA4A-F5E16B2895A4}.Debug|Any CPU.Build.0 = Debug|Any CPU
		{1E521B6E-D1D5-4162-BA4A-F5E16B2895A4}.Release|Any CPU.ActiveCfg = Release|Any CPU
		{1E521B6E-D1D5-4162-BA4A-F5E16B2895A4}.Release|Any CPU.Build.0 = Release|Any CPU
	EndGlobalSection
	GlobalSection(SolutionProperties) = preSolution
		HideSolutionNode = FALSE
	EndGlobalSection
	GlobalSection(NestedProjects) = preSolution
		{F343B4B3-DE1F-4627-9B8D-511ECE901BD4} = {0825E3B8-F2EA-4BBF-B5F1-5B5FBDF4C37D}
		{C6763778-6B2F-4F52-9159-071EACB8CC43} = {0825E3B8-F2EA-4BBF-B5F1-5B5FBDF4C37D}
		{18149F5E-C97B-4FBE-A310-DEC95276CE70} = {0825E3B8-F2EA-4BBF-B5F1-5B5FBDF4C37D}
		{C5EB27A7-9A84-4C7F-997F-2C45035127FE} = {DD3277AD-2435-4474-98B1-1C88BCAC08F6}
		{F8138926-2777-416F-BCC5-E0FE23DEF64B} = {DD3277AD-2435-4474-98B1-1C88BCAC08F6}
		{C66768EA-AEC8-484E-8555-32D5457C0FBE} = {DD3277AD-2435-4474-98B1-1C88BCAC08F6}
		{E332C197-3470-4318-BD14-54DDECFAD0A1} = {E8FCBB42-31A0-4460-B909-E28C19CE30D6}
		{14510E61-0B6C-48D0-B3B3-E7EFDA63359F} = {E8FCBB42-31A0-4460-B909-E28C19CE30D6}
		{5B3AB028-303E-4AB6-8442-6C9745B46EB1} = {E8FCBB42-31A0-4460-B909-E28C19CE30D6}
		{69A1D09F-6FBB-4885-8FC7-B365BF34EC90} = {8BFE1F2F-55DA-4764-8DB4-0D46C39DB831}
		{3533F9C1-FC78-48EA-A4E8-FEE2C10DF8F5} = {8BFE1F2F-55DA-4764-8DB4-0D46C39DB831}
		{02486116-FE89-4CF2-925E-D31757379E89} = {8BFE1F2F-55DA-4764-8DB4-0D46C39DB831}
		{0CC2056F-A8FE-4BA1-A03F-0ACF1964D7D6} = {50775026-E120-4B8D-8FA4-FC8C51DBEACA}
		{6099B192-55C3-4660-861D-57FAD6065077} = {50775026-E120-4B8D-8FA4-FC8C51DBEACA}
		{B66423E2-2434-4BE4-AFE0-C86D2D3348E2} = {50775026-E120-4B8D-8FA4-FC8C51DBEACA}
		{42C036A4-BFF0-45CD-9E4B-3007A56E4725} = {997951A9-E485-4CB9-97B3-B50E36C4E609}
		{F335DB6A-DDDC-49BA-9D3A-98F0C97A5B1A} = {997951A9-E485-4CB9-97B3-B50E36C4E609}
		{E60F473C-67DF-457F-978E-5794789D7D17} = {997951A9-E485-4CB9-97B3-B50E36C4E609}
		{8757FD7A-AB2B-4AAA-99B2-9A5772F04DBE} = {932AB62F-D207-42BD-AC4D-372937DF0314}
		{69063913-127C-4833-9DCC-FEC9E11E18BB} = {932AB62F-D207-42BD-AC4D-372937DF0314}
		{1E521B6E-D1D5-4162-BA4A-F5E16B2895A4} = {932AB62F-D207-42BD-AC4D-372937DF0314}
	EndGlobalSection
	GlobalSection(ExtensibilityGlobals) = postSolution
		SolutionGuid = {B457D5CB-1619-4F68-86F3-38DC0E1C9EA2}
	EndGlobalSection
EndGlobal
